
Microsoft Visual Studio Solution File, Format Version 12.00
# Visual Studio Version 17
VisualStudioVersion = 17.2.32630.192
MinimumVisualStudioVersion = 10.0.40219.1
Project("{FAE04EC0-301F-11D3-BF4B-00C04F79EFBC}") = "GanaciAPI", "GanaciAPI\GanaciAPI.csproj", "{894EDE98-4E5E-441C-945D-7B1B3D86A8CF}"
EndProject
Global
	GlobalSection(SolutionConfigurationPlatforms) = preSolution
		Debug|Any CPU = Debug|Any CPU
		Release|Any CPU = Release|Any CPU
	EndGlobalSection
	GlobalSection(ProjectConfigurationPlatforms) = postSolution
		{894EDE98-4E5E-441C-945D-7B1B3D86A8CF}.Debug|Any CPU.ActiveCfg = Debug|Any CPU
		{894EDE98-4E5E-441C-945D-7B1B3D86A8CF}.Debug|Any CPU.Build.0 = Debug|Any CPU
		{894EDE98-4E5E-441C-945D-7B1B3D86A8CF}.Release|Any CPU.ActiveCfg = Release|Any CPU
		{894EDE98-4E5E-441C-945D-7B1B3D86A8CF}.Release|Any CPU.Build.0 = Release|Any CPU
	EndGlobalSection
	GlobalSection(SolutionProperties) = preSolution
		HideSolutionNode = FALSE
	EndGlobalSection
	GlobalSection(ExtensibilityGlobals) = postSolution
		SolutionGuid = {35591903-A879-4811-AD5C-25DAF5A21E60}
	EndGlobalSection
EndGlobal
